
Microsoft Visual Studio Solution File, Format Version 12.00
# Visual Studio Version 16
VisualStudioVersion = 16.0.31205.134
MinimumVisualStudioVersion = 10.0.40219.1
Project("{FAE04EC0-301F-11D3-BF4B-00C04F79EFBC}") = "v0623", "v0623\v0623.csproj", "{F98D1E9A-7B66-472E-950C-949FBDA1BBE2}"
EndProject
Global
	GlobalSection(SolutionConfigurationPlatforms) = preSolution
		Debug|Any CPU = Debug|Any CPU
		Release|Any CPU = Release|Any CPU
	EndGlobalSection
	GlobalSection(ProjectConfigurationPlatforms) = postSolution
		{F98D1E9A-7B66-472E-950C-949FBDA1BBE2}.Debug|Any CPU.ActiveCfg = Debug|Any CPU
		{F98D1E9A-7B66-472E-950C-949FBDA1BBE2}.Debug|Any CPU.Build.0 = Debug|Any CPU
		{F98D1E9A-7B66-472E-950C-949FBDA1BBE2}.Release|Any CPU.ActiveCfg = Release|Any CPU
		{F98D1E9A-7B66-472E-950C-949FBDA1BBE2}.Release|Any CPU.Build.0 = Release|Any CPU
	EndGlobalSection
	GlobalSection(SolutionProperties) = preSolution
		HideSolutionNode = FALSE
	EndGlobalSection
	GlobalSection(ExtensibilityGlobals) = postSolution
		SolutionGuid = {2FEF13D8-DC05-4AAE-BD84-07DFF9F34EF0}
	EndGlobalSection
EndGlobal
